
Microsoft Visual Studio Solution File, Format Version 12.00
# Visual Studio Version 17
VisualStudioVersion = 17.4.33205.214
MinimumVisualStudioVersion = 10.0.40219.1
Project("{FAE04EC0-301F-11D3-BF4B-00C04F79EFBC}") = "Program", "Program\Program.csproj", "{ED92DA55-2B57-45B8-9438-0E1F45FEA259}"
EndProject
Global
	GlobalSection(SolutionConfigurationPlatforms) = preSolution
		Debug|Any CPU = Debug|Any CPU
		Release|Any CPU = Release|Any CPU
	EndGlobalSection
	GlobalSection(ProjectConfigurationPlatforms) = postSolution
		{ED92DA55-2B57-45B8-9438-0E1F45FEA259}.Debug|Any CPU.ActiveCfg = Debug|Any CPU
		{ED92DA55-2B57-45B8-9438-0E1F45FEA259}.Debug|Any CPU.Build.0 = Debug|Any CPU
		{ED92DA55-2B57-45B8-9438-0E1F45FEA259}.Release|Any CPU.ActiveCfg = Release|Any CPU
		{ED92DA55-2B57-45B8-9438-0E1F45FEA259}.Release|Any CPU.Build.0 = Release|Any CPU
	EndGlobalSection
	GlobalSection(SolutionProperties) = preSolution
		HideSolutionNode = FALSE
	EndGlobalSection
	GlobalSection(ExtensibilityGlobals) = postSolution
		SolutionGuid = {48E10D65-F44D-4DEB-817F-A41B6E6E4D77}
	EndGlobalSection
EndGlobal
